github.com/Atish03/podwiz v0.0.1 h1:YyeaX6RUkN5+MPD/1xN9xex4sCdgabfwCev8mo8ztY8=
github.com/Atish03/podwiz v0.0.1/go.mod h1:q9nRQuHlpBEavNC4LMguFb1soNPppQCj9wyafivaDmA=
github.com/Atish03/podwiz v0.0.2 h1:a6daV96gYkaRclkGT5SzYMhNgOz6VLqhM1mXSy2lohA=
github.com/Atish03/podwiz v0.0.2/go.mod h1:q9nRQuHlpBEavNC4LMguFb1soNPppQCj9wyafivaDmA=
github.com/Atish03/podwiz v0.0.3 h1:Z+chkRgaz1YWTdEuu9cYSFsBwXpkrkMMM9Z15034AgY=
github.com/Atish03/podwiz v0.0.3/go.mod h1:q9nRQuHlpBEavNC4LMguFb1soNPppQCj9wyafivaDmA=
github.com/Atish03/podwiz v0.0.4 h1:OgU4NUcZfuxnBQEkTg0PRsZLquu2TSN80COfQi7SRdE=
github.com/Atish03/podwiz v0.0.4/go.mod h1:q9nRQuHlpBEavNC4LMguFb1soNPppQCj9wyafivaDmA=
github.com/Atish03/podwiz v0.0.5 h1:ZsWhB6aYe0M7ieu7MBQu23TZmqWe52RMkDu7p02nctw=
github.com/Atish03/podwiz v0.0.5/go.mod h1:q9nRQuHlpBEavNC4LMguFb1soNPppQCj9wyafivaDmA=
github.com/Atish03/podwiz v0.0.6 h1:y1YPRiExREDNy7LEeCIMFFif9yMjwLdc2mBfFfWiTkA=
github.com/Atish03/podwiz v0.0.6/go.mod h1:q9nRQuHlpBEavNC4LMguFb1soNPppQCj9wyafivaDmA=
github.com/Atish03/podwiz v0.0.7 h1:GW43X/Qmatwj9NYjetNQ49abJedtHX3reSUzc4v8tws=
github.com/Atish03/podwiz v0.0.7/go.mod h1:q9nRQuHlpBEavNC4LMguFb1soNPppQCj9wyafivaDmA=
github.com/golang/protobuf v1.5.0/go.mod h1:FsONVRAS9T7sI+LIUmWTfcYkHO4aIWwzhcaSAoJOfIk=
github.com/google/go-cmp v0.5.5/go.mod h1:v8dTdLbMG2kIc/vJvl+f65V22dbkXbowE6jgT/gNBxE=
github.com/mattn/go-runewidth v0.0.9 h1:Lm995f3rfxdpd6TSmuVCHVb/QhupuXlYr8sCI/QdE+0=
github.com/mattn/go-runewidth v0.0.9/go.mod h1:H031xJmbD/WCDINGzjvQ9THkh0rPKHF+m2gUSrubnMI=
github.com/olekukonko/tablewriter v0.0.5 h1:P2Ga83D34wi1o9J6Wh1mRuqd4mF/x/lgBS7N7AbDhec=
github.com/olekukonko/tablewriter v0.0.5/go.mod h1:hPp6KlRPjbx+hW8ykQs1w3UBbZlj6HuIJcUGPhkA7kY=
golang.org/x/xerrors v0.0.0-20191204190536-9bdfabe68543/go.mod h1:I/5z698sn9Ka8TeJc9MKroUUfqBBauWjQqLJ2OPfmY0=
google.golang.org/protobuf v1.26.0-rc.1/go.mod h1:jlhhOSvTdKEhbULTjvd4ARK9grFBp09yW+WbY/TyQbw=
google.golang.org/protobuf v1.31.0 h1:g0LDEJHgrBl9N9r17Ru3sqWhkIx2NB67okBHPwC7hs8=
google.golang.org/protobuf v1.31.0/go.mod h1:HV8QOd/L58Z+nl8r43ehVNZIU/HEI6OcFqwMG9pJV4I=
